
Microsoft Visual Studio Solution File, Format Version 12.00
# Visual Studio Version 16
VisualStudioVersion = 16.0.31727.386
MinimumVisualStudioVersion = 10.0.40219.1
Project("{FAE04EC0-301F-11D3-BF4B-00C04F79EFBC}") = "wpfTimeController", "wpfTimeController.csproj", "{47E62CFB-9C66-4264-B39D-6D29DBA5F9FB}"
EndProject
Global
	GlobalSection(SolutionConfigurationPlatforms) = preSolution
		Debug|Any CPU = Debug|Any CPU
		Release|Any CPU = Release|Any CPU
	EndGlobalSection
	GlobalSection(ProjectConfigurationPlatforms) = postSolution
		{47E62CFB-9C66-4264-B39D-6D29DBA5F9FB}.Debug|Any CPU.ActiveCfg = Debug|Any CPU
		{47E62CFB-9C66-4264-B39D-6D29DBA5F9FB}.Debug|Any CPU.Build.0 = Debug|Any CPU
		{47E62CFB-9C66-4264-B39D-6D29DBA5F9FB}.Release|Any CPU.ActiveCfg = Release|Any CPU
		{47E62CFB-9C66-4264-B39D-6D29DBA5F9FB}.Release|Any CPU.Build.0 = Release|Any CPU
	EndGlobalSection
	GlobalSection(SolutionProperties) = preSolution
		HideSolutionNode = FALSE
	EndGlobalSection
	GlobalSection(ExtensibilityGlobals) = postSolution
		SolutionGuid = {8413D80A-2602-43F8-AD5D-FD9B2B6981C1}
	EndGlobalSection
EndGlobal
