<?xml version="1.0" encoding="utf-8"?>
<Project ToolsVersion="16.0" xmlns="http://schemas.microsoft.com/developer/msbuild/2003">
  <ItemGroup>
    <ClCompile Include="C:\Users\welter\source\repos\wpfTimeController\timeControllerService\timeControllerService.cpp">
      <Filter>Source Files</Filter>
    </ClCompile>
  </ItemGroup>
  <ItemGroup>
    <ClInclude Include="C:\Users\welter\source\repos\wpfTimeController\timeControllerService\timeControllerService.h">
      <Filter>Header Files</Filter>
    </ClInclude>
  </ItemGroup>
  <ItemGroup>
    <CustomBuild Include="C:\Users\welter\source\repos\wpfTimeController\timeControllerService\CMakeLists.txt" />
  </ItemGroup>
  <ItemGroup>
    <Filter Include="Header Files">
      <UniqueIdentifier>{30A976FA-072D-3B99-88DC-2B7808FF9DFD}</UniqueIdentifier>
    </Filter>
    <Filter Include="Source Files">
      <UniqueIdentifier>{7717948B-75B3-3C4B-9384-E631C251B596}</UniqueIdentifier>
    </Filter>
  </ItemGroup>
</Project>
