<?xml version="1.0" encoding="utf-8"?>
<Project ToolsVersion="16.0" xmlns="http://schemas.microsoft.com/developer/msbuild/2003">
  <ItemGroup>
    <CustomBuild Include="C:\Users\welter\source\repos\wpfTimeController\timeControllerService\CMakeFiles\856d4144b0dbdb09d85209fdfc32da17\generate.stamp.rule">
      <Filter>CMake Rules</Filter>
    </CustomBuild>
  </ItemGroup>
  <ItemGroup>
    <Filter Include="CMake Rules">
      <UniqueIdentifier>{591DE421-C08F-3B0E-BC67-FD0B946DD74E}</UniqueIdentifier>
    </Filter>
  </ItemGroup>
</Project>
